
Microsoft Visual Studio Solution File, Format Version 12.00
# Visual Studio 15
VisualStudioVersion = 15.0.28307.168
MinimumVisualStudioVersion = 10.0.40219.1
Project("{FAE04EC0-301F-11D3-BF4B-00C04F79EFBC}") = "BookThru", "BookThru\BookThru.csproj", "{49AAACA9-DC13-4A35-BDCF-141DB5B5A09A}"
EndProject
Global
	GlobalSection(SolutionConfigurationPlatforms) = preSolution
		Debug|Any CPU = Debug|Any CPU
		Release|Any CPU = Release|Any CPU
	EndGlobalSection
	GlobalSection(ProjectConfigurationPlatforms) = postSolution
		{49AAACA9-DC13-4A35-BDCF-141DB5B5A09A}.Debug|Any CPU.ActiveCfg = Debug|Any CPU
		{49AAACA9-DC13-4A35-BDCF-141DB5B5A09A}.Debug|Any CPU.Build.0 = Debug|Any CPU
		{49AAACA9-DC13-4A35-BDCF-141DB5B5A09A}.Release|Any CPU.ActiveCfg = Release|Any CPU
		{49AAACA9-DC13-4A35-BDCF-141DB5B5A09A}.Release|Any CPU.Build.0 = Release|Any CPU
	EndGlobalSection
	GlobalSection(SolutionProperties) = preSolution
		HideSolutionNode = FALSE
	EndGlobalSection
	GlobalSection(ExtensibilityGlobals) = postSolution
		SolutionGuid = {3C6969DA-3C1F-441B-8BB3-F0E282F27088}
	EndGlobalSection
EndGlobal
